<?xml version="1.0" encoding="utf-8"?>
<Project ToolsVersion="4.0" xmlns="http://schemas.microsoft.com/developer/msbuild/2003">
  <ItemGroup>
    <Filter Include="Common">
      <UniqueIdentifier>bbb24566-c220-458c-b23d-bf14a9b92580</UniqueIdentifier>
    </Filter>
    <Filter Include="Assets">
      <UniqueIdentifier>39cfec82-6fb2-49b3-b779-4f98448e525a</UniqueIdentifier>
      <Extensions>ico;cur;bmp;dds;dlg;fbx;rct;bin;rgs;gif;jpg;jpeg;jpe;resx;tga;tiff;tif;png;wav;mfcribbon-ms</Extensions>
    </Filter>
    <Filter Include="ImaseLib">
      <UniqueIdentifier>{e5531120-2ae4-48a4-9773-4705908b3527}</UniqueIdentifier>
    </Filter>
    <Filter Include="Scene">
      <UniqueIdentifier>{977c7774-2208-4aba-8187-d5842ccf5447}</UniqueIdentifier>
    </Filter>
    <Filter Include="Textures">
      <UniqueIdentifier>{5e7f7cf7-1566-432f-9f8e-14d1bcfce6bd}</UniqueIdentifier>
    </Filter>
    <Filter Include="Task">
      <UniqueIdentifier>{71066c12-e8da-49cc-9275-6fb28beebad4}</UniqueIdentifier>
    </Filter>
    <Filter Include="FBX">
      <UniqueIdentifier>{b7bf228b-6a53-46ae-8682-aec3d00cb2f7}</UniqueIdentifier>
    </Filter>
    <Filter Include="Shaders">
      <UniqueIdentifier>{7e6ca13e-84d5-44b1-93c7-ffe750fd63a8}</UniqueIdentifier>
    </Filter>
  </ItemGroup>
  <ItemGroup>
    <ClInclude Include="pch.h" />
    <ClInclude Include="Game.h" />
    <ClInclude Include="StepTimer.h">
      <Filter>Common</Filter>
    </ClInclude>
    <ClInclude Include="DeviceResources.h">
      <Filter>Common</Filter>
    </ClInclude>
    <ClInclude Include="ImaseLib\DebugFont.h">
      <Filter>ImaseLib</Filter>
    </ClInclude>
    <ClInclude Include="ImaseLib\SceneManager.h">
      <Filter>ImaseLib</Filter>
    </ClInclude>
    <ClInclude Include="Scene\SpriteSampleScene.h">
      <Filter>Scene</Filter>
    </ClInclude>
    <ClInclude Include="UserResources.h" />
    <ClInclude Include="ImaseLib\TaskManager.h">
      <Filter>ImaseLib</Filter>
    </ClInclude>
    <ClInclude Include="Task\Number.h">
      <Filter>Task</Filter>
    </ClInclude>
    <ClInclude Include="ImaseLib\ResourceManager.h">
      <Filter>ImaseLib</Filter>
    </ClInclude>
    <ClInclude Include="ReadData.h">
      <Filter>Common</Filter>
    </ClInclude>
    <ClInclude Include="SpriteSheet.h">
      <Filter>Common</Filter>
    </ClInclude>
    <ClInclude Include="Scene\ModelSampleScene.h">
      <Filter>Scene</Filter>
    </ClInclude>
    <ClInclude Include="DebugDraw.h">
      <Filter>Common</Filter>
    </ClInclude>
    <ClInclude Include="ImaseLib\GridFloor.h">
      <Filter>ImaseLib</Filter>
    </ClInclude>
    <ClInclude Include="ImaseLib\DebugCamera.h">
      <Filter>ImaseLib</Filter>
    </ClInclude>
    <ClInclude Include="ImaseLib\DisplayCollision.h">
      <Filter>ImaseLib</Filter>
    </ClInclude>
    <ClInclude Include="Scene\Object.h">
      <Filter>Scene</Filter>
    </ClInclude>
    <ClInclude Include="ImaseLib\ModelCollision.h">
      <Filter>ImaseLib</Filter>
    </ClInclude>
    <ClInclude Include="ImaseLib\ObjCollision.h">
      <Filter>ImaseLib</Filter>
    </ClInclude>
    <ClInclude Include="ImaseLib\Collision.h">
      <Filter>ImaseLib</Filter>
    </ClInclude>
    <ClInclude Include="ImaseLib\Camera.h">
      <Filter>ImaseLib</Filter>
    </ClInclude>
    <ClInclude Include="Scene\GameCamera.h">
      <Filter>Scene</Filter>
    </ClInclude>
    <ClInclude Include="ImaseLib\ModelPart.h">
      <Filter>ImaseLib</Filter>
    </ClInclude>
    <ClInclude Include="RenderTexture.h">
      <Filter>Common</Filter>
    </ClInclude>
  </ItemGroup>
  <ItemGroup>
    <ClCompile Include="pch.cpp" />
    <ClCompile Include="Game.cpp" />
    <ClCompile Include="Main.cpp" />
    <ClCompile Include="DeviceResources.cpp">
      <Filter>Common</Filter>
    </ClCompile>
    <ClCompile Include="ImaseLib\DebugFont.cpp">
      <Filter>ImaseLib</Filter>
    </ClCompile>
    <ClCompile Include="Scene\SpriteSampleScene.cpp">
      <Filter>Scene</Filter>
    </ClCompile>
    <ClCompile Include="ImaseLib\TaskManager.cpp">
      <Filter>ImaseLib</Filter>
    </ClCompile>
    <ClCompile Include="Task\Number.cpp">
      <Filter>Task</Filter>
    </ClCompile>
    <ClCompile Include="ImaseLib\ResourceManager.cpp">
      <Filter>ImaseLib</Filter>
    </ClCompile>
    <ClCompile Include="Scene\ModelSampleScene.cpp">
      <Filter>Scene</Filter>
    </ClCompile>
    <ClCompile Include="DebugDraw.cpp">
      <Filter>Common</Filter>
    </ClCompile>
    <ClCompile Include="ImaseLib\GridFloor.cpp">
      <Filter>ImaseLib</Filter>
    </ClCompile>
    <ClCompile Include="ImaseLib\DebugCamera.cpp">
      <Filter>ImaseLib</Filter>
    </ClCompile>
    <ClCompile Include="ImaseLib\DisplayCollision.cpp">
      <Filter>ImaseLib</Filter>
    </ClCompile>
    <ClCompile Include="ImaseLib\ModelCollision.cpp">
      <Filter>ImaseLib</Filter>
    </ClCompile>
    <ClCompile Include="ImaseLib\ObjCollision.cpp">
      <Filter>ImaseLib</Filter>
    </ClCompile>
    <ClCompile Include="ImaseLib\Camera.cpp">
      <Filter>ImaseLib</Filter>
    </ClCompile>
    <ClCompile Include="Scene\GameCamera.cpp">
      <Filter>Scene</Filter>
    </ClCompile>
    <ClCompile Include="RenderTexture.cpp">
      <Filter>Common</Filter>
    </ClCompile>
  </ItemGroup>
  <ItemGroup>
    <ResourceCompile Include="resource.rc" />
  </ItemGroup>
  <ItemGroup>
    <Image Include="directx.ico">
      <Filter>Assets</Filter>
    </Image>
  </ItemGroup>
  <ItemGroup>
    <Manifest Include="settings.manifest">
      <Filter>Assets</Filter>
    </Manifest>
  </ItemGroup>
  <ItemGroup>
    <ImageContentTask Include="Textures\card_heart_01.png">
      <Filter>Textures</Filter>
    </ImageContentTask>
    <ImageContentTask Include="Textures\card_heart_02.png">
      <Filter>Textures</Filter>
    </ImageContentTask>
    <ImageContentTask Include="Textures\card_heart_03.png">
      <Filter>Textures</Filter>
    </ImageContentTask>
    <ImageContentTask Include="Textures\cat.png">
      <Filter>Textures</Filter>
    </ImageContentTask>
    <ImageContentTask Include="Textures\robot.png">
      <Filter>Textures</Filter>
    </ImageContentTask>
    <ImageContentTask Include="Textures\Shadow.png">
      <Filter>Textures</Filter>
    </ImageContentTask>
  </ItemGroup>
  <ItemGroup>
    <MeshContentTask Include="FBX\Dice.fbx">
      <Filter>FBX</Filter>
    </MeshContentTask>
    <MeshContentTask Include="FBX\Ball.fbx">
      <Filter>FBX</Filter>
    </MeshContentTask>
    <MeshContentTask Include="FBX\Plane.fbx">
      <Filter>FBX</Filter>
    </MeshContentTask>
    <MeshContentTask Include="FBX\Pacman.fbx">
      <Filter>FBX</Filter>
    </MeshContentTask>
    <MeshContentTask Include="FBX\Car.fbx">
      <Filter>FBX</Filter>
    </MeshContentTask>
    <MeshContentTask Include="FBX\Skydome.fbx">
      <Filter>FBX</Filter>
    </MeshContentTask>
    <MeshContentTask Include="FBX\Tank.fbx">
      <Filter>FBX</Filter>
    </MeshContentTask>
    <MeshContentTask Include="FBX\Bone.fbx">
      <Filter>FBX</Filter>
    </MeshContentTask>
    <MeshContentTask Include="FBX\Leg.fbx">
      <Filter>FBX</Filter>
    </MeshContentTask>
    <MeshContentTask Include="FBX\Head.fbx">
      <Filter>FBX</Filter>
    </MeshContentTask>
    <MeshContentTask Include="FBX\Body.fbx">
      <Filter>FBX</Filter>
    </MeshContentTask>
    <MeshContentTask Include="FBX\Arm_L.fbx">
      <Filter>FBX</Filter>
    </MeshContentTask>
    <MeshContentTask Include="FBX\Arm_R.fbx">
      <Filter>FBX</Filter>
    </MeshContentTask>
    <MeshContentTask Include="FBX\Missile.fbx">
      <Filter>FBX</Filter>
    </MeshContentTask>
    <MeshContentTask Include="FBX\Floor.fbx">
      <Filter>FBX</Filter>
    </MeshContentTask>
    <MeshContentTask Include="FBX\Torus.fbx">
      <Filter>FBX</Filter>
    </MeshContentTask>
  </ItemGroup>
  <ItemGroup>
    <None Include="packages.config" />
  </ItemGroup>
  <ItemGroup>
    <FxCompile Include="Shaders\PixelShader.hlsl">
      <Filter>Shaders</Filter>
    </FxCompile>
    <FxCompile Include="Shaders\PS_Robot.hlsl">
      <Filter>Shaders</Filter>
    </FxCompile>
    <FxCompile Include="Shaders\PS_Test.hlsl">
      <Filter>Shaders</Filter>
    </FxCompile>
  </ItemGroup>
</Project>